
Microsoft Visual Studio Solution File, Format Version 12.00
# Visual Studio Version 16
VisualStudioVersion = 16.0.808.7
MinimumVisualStudioVersion = 10.0.40219.1
Project("{9A19103F-16F7-4668-BE54-9A1E7A4F7556}") = "BOOKcheck", "BOOKcheck\BOOKcheck.csproj", "{A1EF6EF3-F138-4B81-8B83-80B8767F6B73}"
EndProject
Global
	GlobalSection(SolutionConfigurationPlatforms) = preSolution
		Debug|Any CPU = Debug|Any CPU
		Release|Any CPU = Release|Any CPU
	EndGlobalSection
	GlobalSection(ProjectConfigurationPlatforms) = postSolution
		{A1EF6EF3-F138-4B81-8B83-80B8767F6B73}.Debug|Any CPU.ActiveCfg = Debug|Any CPU
		{A1EF6EF3-F138-4B81-8B83-80B8767F6B73}.Debug|Any CPU.Build.0 = Debug|Any CPU
		{A1EF6EF3-F138-4B81-8B83-80B8767F6B73}.Release|Any CPU.ActiveCfg = Release|Any CPU
		{A1EF6EF3-F138-4B81-8B83-80B8767F6B73}.Release|Any CPU.Build.0 = Release|Any CPU
	EndGlobalSection
	GlobalSection(SolutionProperties) = preSolution
		HideSolutionNode = FALSE
	EndGlobalSection
	GlobalSection(ExtensibilityGlobals) = postSolution
		SolutionGuid = {E2BD6164-CE3C-4758-93CF-07AE13263844}
	EndGlobalSection
EndGlobal
